{
  "originHash" : "aa0066735f377936a5d8910596be0357456194ca37c6ba457d882d5e24dede40",
  "pins" : [
    {
      "identity" : "capacitor-swift-pm",
      "kind" : "remoteSourceControl",
      "location" : "https://github.com/ionic-team/capacitor-swift-pm.git",
      "state" : {
        "revision" : "0b6882e9a3288342aacf36348e5a94e4f1dd7b13",
        "version" : "8.5.2"
      }
    }
  ],
  "version" : 3
}
